
Microsoft Visual Studio Solution File, Format Version 12.00
# Visual Studio Version 17
VisualStudioVersion = 17.0.31903.59
MinimumVisualStudioVersion = 10.0.40219.1
Project("{FAE04EC0-301F-11D3-BF4B-00C04F79EFBC}") = "ParkingBMS.API", "ParkingBMS.API\ParkingBMS.API.csproj", "{98BD5728-6BAB-48FB-B70C-0375662B9F95}"
EndProject
Project("{FAE04EC0-301F-11D3-BF4B-00C04F79EFBC}") = "ParkingBMS.Gateway", "ParkingBMS.Gateway\ParkingBMS.Gateway.csproj", "{545D415F-78F2-4FB0-882C-B7B2655F9CCA}"
EndProject
Global
	GlobalSection(SolutionConfigurationPlatforms) = preSolution
		Debug|Any CPU = Debug|Any CPU
		Debug|x64 = Debug|x64
		Debug|x86 = Debug|x86
		Release|Any CPU = Release|Any CPU
		Release|x64 = Release|x64
		Release|x86 = Release|x86
	EndGlobalSection
	GlobalSection(ProjectConfigurationPlatforms) = postSolution
		{98BD5728-6BAB-48FB-B70C-0375662B9F95}.Debug|Any CPU.ActiveCfg = Debug|Any CPU
		{98BD5728-6BAB-48FB-B70C-0375662B9F95}.Debug|Any CPU.Build.0 = Debug|Any CPU
		{98BD5728-6BAB-48FB-B70C-0375662B9F95}.Debug|x64.ActiveCfg = Debug|Any CPU
		{98BD5728-6BAB-48FB-B70C-0375662B9F95}.Debug|x64.Build.0 = Debug|Any CPU
		{98BD5728-6BAB-48FB-B70C-0375662B9F95}.Debug|x86.ActiveCfg = Debug|Any CPU
		{98BD5728-6BAB-48FB-B70C-0375662B9F95}.Debug|x86.Build.0 = Debug|Any CPU
		{98BD5728-6BAB-48FB-B70C-0375662B9F95}.Release|Any CPU.ActiveCfg = Release|Any CPU
		{98BD5728-6BAB-48FB-B70C-0375662B9F95}.Release|Any CPU.Build.0 = Release|Any CPU
		{98BD5728-6BAB-48FB-B70C-0375662B9F95}.Release|x64.ActiveCfg = Release|Any CPU
		{98BD5728-6BAB-48FB-B70C-0375662B9F95}.Release|x64.Build.0 = Release|Any CPU
		{98BD5728-6BAB-48FB-B70C-0375662B9F95}.Release|x86.ActiveCfg = Release|Any CPU
		{98BD5728-6BAB-48FB-B70C-0375662B9F95}.Release|x86.Build.0 = Release|Any CPU
		{545D415F-78F2-4FB0-882C-B7B2655F9CCA}.Debug|Any CPU.ActiveCfg = Debug|Any CPU
		{545D415F-78F2-4FB0-882C-B7B2655F9CCA}.Debug|Any CPU.Build.0 = Debug|Any CPU
		{545D415F-78F2-4FB0-882C-B7B2655F9CCA}.Debug|x64.ActiveCfg = Debug|Any CPU
		{545D415F-78F2-4FB0-882C-B7B2655F9CCA}.Debug|x64.Build.0 = Debug|Any CPU
		{545D415F-78F2-4FB0-882C-B7B2655F9CCA}.Debug|x86.ActiveCfg = Debug|Any CPU
		{545D415F-78F2-4FB0-882C-B7B2655F9CCA}.Debug|x86.Build.0 = Debug|Any CPU
		{545D415F-78F2-4FB0-882C-B7B2655F9CCA}.Release|Any CPU.ActiveCfg = Release|Any CPU
		{545D415F-78F2-4FB0-882C-B7B2655F9CCA}.Release|Any CPU.Build.0 = Release|Any CPU
		{545D415F-78F2-4FB0-882C-B7B2655F9CCA}.Release|x64.ActiveCfg = Release|Any CPU
		{545D415F-78F2-4FB0-882C-B7B2655F9CCA}.Release|x64.Build.0 = Release|Any CPU
		{545D415F-78F2-4FB0-882C-B7B2655F9CCA}.Release|x86.ActiveCfg = Release|Any CPU
		{545D415F-78F2-4FB0-882C-B7B2655F9CCA}.Release|x86.Build.0 = Release|Any CPU
	EndGlobalSection
	GlobalSection(SolutionProperties) = preSolution
		HideSolutionNode = FALSE
	EndGlobalSection
EndGlobal
